
Microsoft Visual Studio Solution File, Format Version 12.00
# Visual Studio Version 17
VisualStudioVersion = 17.3.32922.545
MinimumVisualStudioVersion = 10.0.40219.1
Project("{FAE04EC0-301F-11D3-BF4B-00C04F79EFBC}") = "TechPrakt2024Task0", "TechPrakt2024Task0\TechPrakt2024Task0.csproj", "{ED65A8FC-2A22-4882-BFDB-48D26C38B086}"
EndProject
Global
	GlobalSection(SolutionConfigurationPlatforms) = preSolution
		Debug|Any CPU = Debug|Any CPU
		Release|Any CPU = Release|Any CPU
	EndGlobalSection
	GlobalSection(ProjectConfigurationPlatforms) = postSolution
		{ED65A8FC-2A22-4882-BFDB-48D26C38B086}.Debug|Any CPU.ActiveCfg = Debug|Any CPU
		{ED65A8FC-2A22-4882-BFDB-48D26C38B086}.Debug|Any CPU.Build.0 = Debug|Any CPU
		{ED65A8FC-2A22-4882-BFDB-48D26C38B086}.Release|Any CPU.ActiveCfg = Release|Any CPU
		{ED65A8FC-2A22-4882-BFDB-48D26C38B086}.Release|Any CPU.Build.0 = Release|Any CPU
	EndGlobalSection
	GlobalSection(SolutionProperties) = preSolution
		HideSolutionNode = FALSE
	EndGlobalSection
	GlobalSection(ExtensibilityGlobals) = postSolution
		SolutionGuid = {795773D2-C0E7-47DB-8B99-92A819540E4B}
	EndGlobalSection
EndGlobal
